
Microsoft Visual Studio Solution File, Format Version 12.00
# Visual Studio Version 16
VisualStudioVersion = 16.0.31025.194
MinimumVisualStudioVersion = 10.0.40219.1
Project("{FAE04EC0-301F-11D3-BF4B-00C04F79EFBC}") = "MongoDBFirst", "MongoDBFirst\MongoDBFirst.csproj", "{D0A334C6-5D9C-4A9A-9FBA-55E434B92F68}"
EndProject
Global
	GlobalSection(SolutionConfigurationPlatforms) = preSolution
		Debug|Any CPU = Debug|Any CPU
		Release|Any CPU = Release|Any CPU
	EndGlobalSection
	GlobalSection(ProjectConfigurationPlatforms) = postSolution
		{D0A334C6-5D9C-4A9A-9FBA-55E434B92F68}.Debug|Any CPU.ActiveCfg = Debug|Any CPU
		{D0A334C6-5D9C-4A9A-9FBA-55E434B92F68}.Debug|Any CPU.Build.0 = Debug|Any CPU
		{D0A334C6-5D9C-4A9A-9FBA-55E434B92F68}.Release|Any CPU.ActiveCfg = Release|Any CPU
		{D0A334C6-5D9C-4A9A-9FBA-55E434B92F68}.Release|Any CPU.Build.0 = Release|Any CPU
	EndGlobalSection
	GlobalSection(SolutionProperties) = preSolution
		HideSolutionNode = FALSE
	EndGlobalSection
	GlobalSection(ExtensibilityGlobals) = postSolution
		SolutionGuid = {14F84D85-8570-4C7F-B171-E096833492BE}
	EndGlobalSection
EndGlobal
